{
	"name": "uttt",
	"version": "1.0.0",
	"lockfileVersion": 3,
	"requires": true,
	"packages": {
		"": {
			"name": "uttt",
			"version": "1.0.0",
			"license": "ISC",
			"dependencies": {
				"@pm2/io": "^6.1.0",
				"js-cookie": "^3.0.5",
				"mime": "^4.0.4",
				"node-cron": "^3.0.3",
				"uuid": "^10.0.0",
				"ws": "^8.18.0"
			}
		},
		"node_modules/@pm2/io": {
			"version": "6.1.0",
			"resolved": "https://registry.npmjs.org/@pm2/io/-/io-6.1.0.tgz",
			"integrity": "sha512-IxHuYURa3+FQ6BKePlgChZkqABUKFYH6Bwbw7V/pWU1pP6iR1sCI26l7P9ThUEB385ruZn/tZS3CXDUF5IA1NQ==",
			"license": "Apache-2",
			"dependencies": {
				"async": "~2.6.1",
				"debug": "~4.3.1",
				"eventemitter2": "^6.3.1",
				"require-in-the-middle": "^5.0.0",
				"semver": "~7.5.4",
				"shimmer": "^1.2.0",
				"signal-exit": "^3.0.3",
				"tslib": "1.9.3"
			},
			"engines": {
				"node": ">=6.0"
			}
		},
		"node_modules/async": {
			"version": "2.6.4",
			"resolved": "https://registry.npmjs.org/async/-/async-2.6.4.tgz",
			"integrity": "sha512-mzo5dfJYwAn29PeiJ0zvwTo04zj8HDJj0Mn8TD7sno7q12prdbnasKJHhkm2c1LgrhlJ0teaea8860oxi51mGA==",
			"license": "MIT",
			"dependencies": {
				"lodash": "^4.17.14"
			}
		},
		"node_modules/debug": {
			"version": "4.3.7",
			"resolved": "https://registry.npmjs.org/debug/-/debug-4.3.7.tgz",
			"integrity": "sha512-Er2nc/H7RrMXZBFCEim6TCmMk02Z8vLC2Rbi1KEBggpo0fS6l0S1nnapwmIi3yW/+GOJap1Krg4w0Hg80oCqgQ==",
			"license": "MIT",
			"dependencies": {
				"ms": "^2.1.3"
			},
			"engines": {
				"node": ">=6.0"
			},
			"peerDependenciesMeta": {
				"supports-color": {
					"optional": true
				}
			}
		},
		"node_modules/eventemitter2": {
			"version": "6.4.9",
			"resolved": "https://registry.npmjs.org/eventemitter2/-/eventemitter2-6.4.9.tgz",
			"integrity": "sha512-JEPTiaOt9f04oa6NOkc4aH+nVp5I3wEjpHbIPqfgCdD5v5bUzy7xQqwcVO2aDQgOWhI28da57HksMrzK9HlRxg==",
			"license": "MIT"
		},
		"node_modules/function-bind": {
			"version": "1.1.2",
			"resolved": "https://registry.npmjs.org/function-bind/-/function-bind-1.1.2.tgz",
			"integrity": "sha512-7XHNxH7qX9xG5mIwxkhumTox/MIRNcOgDrxWsMt2pAr23WHp6MrRlN7FBSFpCpr+oVO0F744iUgR82nJMfG2SA==",
			"license": "MIT",
			"funding": {
				"url": "https://github.com/sponsors/ljharb"
			}
		},
		"node_modules/hasown": {
			"version": "2.0.2",
			"resolved": "https://registry.npmjs.org/hasown/-/hasown-2.0.2.tgz",
			"integrity": "sha512-0hJU9SCPvmMzIBdZFqNPXWa6dqh7WdH0cII9y+CyS8rG3nL48Bclra9HmKhVVUHyPWNH5Y7xDwAB7bfgSjkUMQ==",
			"license": "MIT",
			"dependencies": {
				"function-bind": "^1.1.2"
			},
			"engines": {
				"node": ">= 0.4"
			}
		},
		"node_modules/is-core-module": {
			"version": "2.16.1",
			"resolved": "https://registry.npmjs.org/is-core-module/-/is-core-module-2.16.1.tgz",
			"integrity": "sha512-UfoeMA6fIJ8wTYFEUjelnaGI67v6+N7qXJEvQuIGa99l4xsCruSYOVSQ0uPANn4dAzm8lkYPaKLrrijLq7x23w==",
			"license": "MIT",
			"dependencies": {
				"hasown": "^2.0.2"
			},
			"engines": {
				"node": ">= 0.4"
			},
			"funding": {
				"url": "https://github.com/sponsors/ljharb"
			}
		},
		"node_modules/js-cookie": {
			"version": "3.0.5",
			"resolved": "https://registry.npmjs.org/js-cookie/-/js-cookie-3.0.5.tgz",
			"integrity": "sha512-cEiJEAEoIbWfCZYKWhVwFuvPX1gETRYPw6LlaTKoxD3s2AkXzkCjnp6h0V77ozyqj0jakteJ4YqDJT830+lVGw==",
			"license": "MIT",
			"engines": {
				"node": ">=14"
			}
		},
		"node_modules/lodash": {
			"version": "4.17.21",
			"resolved": "https://registry.npmjs.org/lodash/-/lodash-4.17.21.tgz",
			"integrity": "sha512-v2kDEe57lecTulaDIuNTPy3Ry4gLGJ6Z1O3vE1krgXZNrsQ+LFTGHVxVjcXPs17LhbZVGedAJv8XZ1tvj5FvSg==",
			"license": "MIT"
		},
		"node_modules/lru-cache": {
			"version": "6.0.0",
			"resolved": "https://registry.npmjs.org/lru-cache/-/lru-cache-6.0.0.tgz",
			"integrity": "sha512-Jo6dJ04CmSjuznwJSS3pUeWmd/H0ffTlkXXgwZi+eq1UCmqQwCh+eLsYOYCwY991i2Fah4h1BEMCx4qThGbsiA==",
			"license": "ISC",
			"dependencies": {
				"yallist": "^4.0.0"
			},
			"engines": {
				"node": ">=10"
			}
		},
		"node_modules/mime": {
			"version": "4.0.4",
			"resolved": "https://registry.npmjs.org/mime/-/mime-4.0.4.tgz",
			"integrity": "sha512-v8yqInVjhXyqP6+Kw4fV3ZzeMRqEW6FotRsKXjRS5VMTNIuXsdRoAvklpoRgSqXm6o9VNH4/C0mgedko9DdLsQ==",
			"funding": [
				"https://github.com/sponsors/broofa"
			],
			"license": "MIT",
			"bin": {
				"mime": "bin/cli.js"
			},
			"engines": {
				"node": ">=16"
			}
		},
		"node_modules/module-details-from-path": {
			"version": "1.0.3",
			"resolved": "https://registry.npmjs.org/module-details-from-path/-/module-details-from-path-1.0.3.tgz",
			"integrity": "sha512-ySViT69/76t8VhE1xXHK6Ch4NcDd26gx0MzKXLO+F7NOtnqH68d9zF94nT8ZWSxXh8ELOERsnJO/sWt1xZYw5A==",
			"license": "MIT"
		},
		"node_modules/ms": {
			"version": "2.1.3",
			"resolved": "https://registry.npmjs.org/ms/-/ms-2.1.3.tgz",
			"integrity": "sha512-6FlzubTLZG3J2a/NVCAleEhjzq5oxgHyaCU9yYXvcLsvoVaHJq/s5xXI6/XXP6tz7R9xAOtHnSO/tXtF3WRTlA==",
			"license": "MIT"
		},
		"node_modules/node-cron": {
			"version": "3.0.3",
			"resolved": "https://registry.npmjs.org/node-cron/-/node-cron-3.0.3.tgz",
			"integrity": "sha512-dOal67//nohNgYWb+nWmg5dkFdIwDm8EpeGYMekPMrngV3637lqnX0lbUcCtgibHTz6SEz7DAIjKvKDFYCnO1A==",
			"license": "ISC",
			"dependencies": {
				"uuid": "8.3.2"
			},
			"engines": {
				"node": ">=6.0.0"
			}
		},
		"node_modules/node-cron/node_modules/uuid": {
			"version": "8.3.2",
			"resolved": "https://registry.npmjs.org/uuid/-/uuid-8.3.2.tgz",
			"integrity": "sha512-+NYs2QeMWy+GWFOEm9xnn6HCDp0l7QBD7ml8zLUmJ+93Q5NF0NocErnwkTkXVFNiX3/fpC6afS8Dhb/gz7R7eg==",
			"license": "MIT",
			"bin": {
				"uuid": "dist/bin/uuid"
			}
		},
		"node_modules/path-parse": {
			"version": "1.0.7",
			"resolved": "https://registry.npmjs.org/path-parse/-/path-parse-1.0.7.tgz",
			"integrity": "sha512-LDJzPVEEEPR+y48z93A0Ed0yXb8pAByGWo/k5YYdYgpY2/2EsOsksJrq7lOHxryrVOn1ejG6oAp8ahvOIQD8sw==",
			"license": "MIT"
		},
		"node_modules/require-in-the-middle": {
			"version": "5.2.0",
			"resolved": "https://registry.npmjs.org/require-in-the-middle/-/require-in-the-middle-5.2.0.tgz",
			"integrity": "sha512-efCx3b+0Z69/LGJmm9Yvi4cqEdxnoGnxYxGxBghkkTTFeXRtTCmmhO0AnAfHz59k957uTSuy8WaHqOs8wbYUWg==",
			"license": "MIT",
			"dependencies": {
				"debug": "^4.1.1",
				"module-details-from-path": "^1.0.3",
				"resolve": "^1.22.1"
			},
			"engines": {
				"node": ">=6"
			}
		},
		"node_modules/resolve": {
			"version": "1.22.10",
			"resolved": "https://registry.npmjs.org/resolve/-/resolve-1.22.10.tgz",
			"integrity": "sha512-NPRy+/ncIMeDlTAsuqwKIiferiawhefFJtkNSW0qZJEqMEb+qBt/77B/jGeeek+F0uOeN05CDa6HXbbIgtVX4w==",
			"license": "MIT",
			"dependencies": {
				"is-core-module": "^2.16.0",
				"path-parse": "^1.0.7",
				"supports-preserve-symlinks-flag": "^1.0.0"
			},
			"bin": {
				"resolve": "bin/resolve"
			},
			"engines": {
				"node": ">= 0.4"
			},
			"funding": {
				"url": "https://github.com/sponsors/ljharb"
			}
		},
		"node_modules/semver": {
			"version": "7.5.4",
			"resolved": "https://registry.npmjs.org/semver/-/semver-7.5.4.tgz",
			"integrity": "sha512-1bCSESV6Pv+i21Hvpxp3Dx+pSD8lIPt8uVjRrxAUt/nbswYc+tK6Y2btiULjd4+fnq15PX+nqQDC7Oft7WkwcA==",
			"license": "ISC",
			"dependencies": {
				"lru-cache": "^6.0.0"
			},
			"bin": {
				"semver": "bin/semver.js"
			},
			"engines": {
				"node": ">=10"
			}
		},
		"node_modules/shimmer": {
			"version": "1.2.1",
			"resolved": "https://registry.npmjs.org/shimmer/-/shimmer-1.2.1.tgz",
			"integrity": "sha512-sQTKC1Re/rM6XyFM6fIAGHRPVGvyXfgzIDvzoq608vM+jeyVD0Tu1E6Np0Kc2zAIFWIj963V2800iF/9LPieQw==",
			"license": "BSD-2-Clause"
		},
		"node_modules/signal-exit": {
			"version": "3.0.7",
			"resolved": "https://registry.npmjs.org/signal-exit/-/signal-exit-3.0.7.tgz",
			"integrity": "sha512-wnD2ZE+l+SPC/uoS0vXeE9L1+0wuaMqKlfz9AMUo38JsyLSBWSFcHR1Rri62LZc12vLr1gb3jl7iwQhgwpAbGQ==",
			"license": "ISC"
		},
		"node_modules/supports-preserve-symlinks-flag": {
			"version": "1.0.0",
			"resolved": "https://registry.npmjs.org/supports-preserve-symlinks-flag/-/supports-preserve-symlinks-flag-1.0.0.tgz",
			"integrity": "sha512-ot0WnXS9fgdkgIcePe6RHNk1WA8+muPa6cSjeR3V8K27q9BB1rTE3R1p7Hv0z1ZyAc8s6Vvv8DIyWf681MAt0w==",
			"license": "MIT",
			"engines": {
				"node": ">= 0.4"
			},
			"funding": {
				"url": "https://github.com/sponsors/ljharb"
			}
		},
		"node_modules/tslib": {
			"version": "1.9.3",
			"resolved": "https://registry.npmjs.org/tslib/-/tslib-1.9.3.tgz",
			"integrity": "sha512-4krF8scpejhaOgqzBEcGM7yDIEfi0/8+8zDRZhNZZ2kjmHJ4hv3zCbQWxoJGz1iw5U0Jl0nma13xzHXcncMavQ==",
			"license": "Apache-2.0"
		},
		"node_modules/uuid": {
			"version": "10.0.0",
			"resolved": "https://registry.npmjs.org/uuid/-/uuid-10.0.0.tgz",
			"integrity": "sha512-8XkAphELsDnEGrDxUOHB3RGvXz6TeuYSGEZBOjtTtPm2lwhGBjLgOzLHB63IUWfBpNucQjND6d3AOudO+H3RWQ==",
			"funding": [
				"https://github.com/sponsors/broofa",
				"https://github.com/sponsors/ctavan"
			],
			"license": "MIT",
			"bin": {
				"uuid": "dist/bin/uuid"
			}
		},
		"node_modules/ws": {
			"version": "8.18.0",
			"resolved": "https://registry.npmjs.org/ws/-/ws-8.18.0.tgz",
			"integrity": "sha512-8VbfWfHLbbwu3+N6OKsOMpBdT4kXPDDB9cJk2bJ6mh9ucxdlnNvH1e+roYkKmN9Nxw2yjz7VzeO9oOz2zJ04Pw==",
			"license": "MIT",
			"engines": {
				"node": ">=10.0.0"
			},
			"peerDependencies": {
				"bufferutil": "^4.0.1",
				"utf-8-validate": ">=5.0.2"
			},
			"peerDependenciesMeta": {
				"bufferutil": {
					"optional": true
				},
				"utf-8-validate": {
					"optional": true
				}
			}
		},
		"node_modules/yallist": {
			"version": "4.0.0",
			"resolved": "https://registry.npmjs.org/yallist/-/yallist-4.0.0.tgz",
			"integrity": "sha512-3wdGidZyq5PB084XLES5TpOSRA3wjXAlIWMhum2kRcv/41Sn2emQ0dycQW4uZXLejwKvg6EsvbdlVL+FYEct7A==",
			"license": "ISC"
		}
	}
}
